
Microsoft Visual Studio Solution File, Format Version 12.00
# Visual Studio Version 17
VisualStudioVersion = 17.3.32929.385
MinimumVisualStudioVersion = 10.0.40219.1
Project("{9A19103F-16F7-4668-BE54-9A1E7A4F7556}") = "Synapxe.FhirWebApi.Enrollment", "Synapxe.FhirWebApi.Enrollment\Synapxe.FhirWebApi.Enrollment\Synapxe.FhirWebApi.Enrollment.csproj", "{EFE0EA2E-ADD0-4DC7-AA19-A69C06143F7D}"
EndProject
Project("{9A19103F-16F7-4668-BE54-9A1E7A4F7556}") = "Synapxe.FhirWebApi.Enrollment.IntegrationTests", "Synapxe.FhirWebApi.Enrollment\Synapxe.FhirWebApi.Enrollment.IntegrationTests\Synapxe.FhirWebApi.Enrollment.IntegrationTests.csproj", "{52703AB5-31AD-4CFF-B7F1-4A8558D7FEAD}"
EndProject
Global
	GlobalSection(SolutionConfigurationPlatforms) = preSolution
		Debug|Any CPU = Debug|Any CPU
		Release|Any CPU = Release|Any CPU
	EndGlobalSection
	GlobalSection(ProjectConfigurationPlatforms) = postSolution
		{EFE0EA2E-ADD0-4DC7-AA19-A69C06143F7D}.Debug|Any CPU.ActiveCfg = Debug|Any CPU
		{EFE0EA2E-ADD0-4DC7-AA19-A69C06143F7D}.Debug|Any CPU.Build.0 = Debug|Any CPU
		{EFE0EA2E-ADD0-4DC7-AA19-A69C06143F7D}.Release|Any CPU.ActiveCfg = Release|Any CPU
		{EFE0EA2E-ADD0-4DC7-AA19-A69C06143F7D}.Release|Any CPU.Build.0 = Release|Any CPU
		{52703AB5-31AD-4CFF-B7F1-4A8558D7FEAD}.Debug|Any CPU.ActiveCfg = Debug|Any CPU
		{52703AB5-31AD-4CFF-B7F1-4A8558D7FEAD}.Debug|Any CPU.Build.0 = Debug|Any CPU
		{52703AB5-31AD-4CFF-B7F1-4A8558D7FEAD}.Release|Any CPU.ActiveCfg = Release|Any CPU
		{52703AB5-31AD-4CFF-B7F1-4A8558D7FEAD}.Release|Any CPU.Build.0 = Release|Any CPU
	EndGlobalSection
	GlobalSection(SolutionProperties) = preSolution
		HideSolutionNode = FALSE
	EndGlobalSection
	GlobalSection(ExtensibilityGlobals) = postSolution
		SolutionGuid = {F0AAD4F7-D397-4839-A223-C2D10A2392CE}
	EndGlobalSection
EndGlobal
